{
  "requires": true,
  "lockfileVersion": 1,
  "dependencies": {
    "react-top-loading-bar": {
      "version": "2.1.0",
      "resolved": "https://registry.npmjs.org/react-top-loading-bar/-/react-top-loading-bar-2.1.0.tgz",
      "integrity": "sha512-07IPCC4fThfkH5PHm7d49s9UAq2rpy4RAyD+5gtwtBbBrwxkvcff7ZlbCgzrBXq8AvcGafDkpjcGdntJ4F0O9A=="
    }
  }
}
